<?xml version="1.0" encoding="utf-8"?>
<Project ToolsVersion="4.0" xmlns="http://schemas.microsoft.com/developer/msbuild/2003">
  <ItemGroup>
    <Filter Include="Quelldateien">
      <UniqueIdentifier>{4FC737F1-C7A5-4376-A066-2A32D752A2FF}</UniqueIdentifier>
      <Extensions>cpp;c;cc;cxx;def;odl;idl;hpj;bat;asm;asmx</Extensions>
    </Filter>
    <Filter Include="Headerdateien">
      <UniqueIdentifier>{93995380-89BD-4b04-88EB-625FBE52EBFB}</UniqueIdentifier>
      <Extensions>h;hh;hpp;hxx;hm;inl;inc;xsd</Extensions>
    </Filter>
    <Filter Include="Ressourcendateien">
      <UniqueIdentifier>{67DA6AB6-F800-4c08-8B7A-83BB121AAD01}</UniqueIdentifier>
      <Extensions>rc;ico;cur;bmp;dlg;rc2;rct;bin;rgs;gif;jpg;jpeg;jpe;resx;tiff;tif;png;wav;mfcribbon-ms</Extensions>
    </Filter>
  </ItemGroup>
  <ItemGroup>
    <Image Include="..\earthmap1k.bmp">
      <Filter>Ressourcendateien</Filter>
    </Image>
    <Image Include="..\jupitermap.bmp">
      <Filter>Ressourcendateien</Filter>
    </Image>
    <Image Include="..\marsmap1k.bmp">
      <Filter>Ressourcendateien</Filter>
    </Image>
    <Image Include="..\mercurymap.bmp">
      <Filter>Ressourcendateien</Filter>
    </Image>
    <Image Include="..\moon.bmp">
      <Filter>Ressourcendateien</Filter>
    </Image>
    <Image Include="..\neptunemap.bmp">
      <Filter>Ressourcendateien</Filter>
    </Image>
    <Image Include="..\plutomap2k.bmp">
      <Filter>Ressourcendateien</Filter>
    </Image>
    <Image Include="..\saturnmap.bmp">
      <Filter>Ressourcendateien</Filter>
    </Image>
    <Image Include="..\stars.bmp">
      <Filter>Ressourcendateien</Filter>
    </Image>
    <Image Include="..\sunmap.bmp">
      <Filter>Ressourcendateien</Filter>
    </Image>
    <Image Include="..\uranusmap.bmp">
      <Filter>Ressourcendateien</Filter>
    </Image>
    <Image Include="..\venusmap.bmp">
      <Filter>Ressourcendateien</Filter>
    </Image>
  </ItemGroup>
  <ItemGroup>
    <ClCompile Include="glm.cpp">
      <Filter>Quelldateien</Filter>
    </ClCompile>
    <ClCompile Include="SolarSystem.cpp">
      <Filter>Quelldateien</Filter>
    </ClCompile>
    <ClCompile Include="3dsloader.cpp">
      <Filter>Quelldateien</Filter>
    </ClCompile>
    <ClCompile Include="GLSLShader.cpp">
      <Filter>Quelldateien</Filter>
    </ClCompile>
    <ClCompile Include="texture.cpp">
      <Filter>Quelldateien</Filter>
    </ClCompile>
  </ItemGroup>
  <ItemGroup>
    <ClInclude Include="glm.h">
      <Filter>Headerdateien</Filter>
    </ClInclude>
    <ClInclude Include="SolarSystem.h">
      <Filter>Headerdateien</Filter>
    </ClInclude>
    <ClInclude Include="3dsloader.h">
      <Filter>Headerdateien</Filter>
    </ClInclude>
    <ClInclude Include="GLSLShader.h">
      <Filter>Headerdateien</Filter>
    </ClInclude>
    <ClInclude Include="texture.h">
      <Filter>Headerdateien</Filter>
    </ClInclude>
    <ClInclude Include="Tutorial4.h">
      <Filter>Headerdateien</Filter>
    </ClInclude>
  </ItemGroup>
</Project>